{
    "_meta": {
        "hash": {
            "sha256": "35ab5138ea90f44ae991d0337104deaf5ac83ca8437506e9d0b97bcf70f98524"
        },
        "pipfile-spec": 6,
        "requires": {},
        "sources": [
            {
                "name": "pypi",
                "url": "https://pypi.org/simple",
                "verify_ssl": true
            }
        ]
    },
    "default": {
        "certifi": {
            "hashes": [
                "sha256:376690d6f16d32f9d1fe8932551d80b23e9d393a8578c5633a2ed39a64861638",
                "sha256:456048c7e371c089d0a77a5212fb37a2c2dce1e24146e3b7e0261736aaeaa22a"
            ],
            "version": "==2018.8.24"
        },
        "chardet": {
            "hashes": [
                "sha256:84ab92ed1c4d4f16916e05906b6b75a6c0fb5db821cc65e70cbd64a3e2a5eaae",
                "sha256:fc323ffcaeaed0e0a02bf4d117757b98aed530d9ed4531e3e15460124c106691"
            ],
            "version": "==3.0.4"
        },
        "click": {
            "hashes": [
                "sha256:2335065e6395b9e67ca716de5f7526736bfa6ceead690adf616d925bdc622b13",
                "sha256:5b94b49521f6456670fdb30cd82a4eca9412788a93fa6dd6df72c94d5a8ff2d7"
            ],
            "index": "pypi",
            "version": "==7.0"
        },
        "decorator": {
            "hashes": [
                "sha256:2c51dff8ef3c447388fe5e4453d24a2bf128d3a4c32af3fabef1f01c6851ab82",
                "sha256:c39efa13fbdeb4506c476c9b3babf6a718da943dab7811c206005a4a956c080c"
            ],
            "index": "pypi",
            "version": "==4.3.0"
        },
        "formencode": {
            "hashes": [
                "sha256:ada2f51792b1b484e5bb7b6cc14acfc1bc11fafc967cf015cd57e856053ca7f6"
            ],
            "version": "==1.3.1"
        },
        "gitdb2": {
            "hashes": [
                "sha256:87783b7f4a8f6b71c7fe81d32179b3c8781c1a7d6fa0c69bff2f315b00aff4f8",
                "sha256:bb4c85b8a58531c51373c89f92163b92f30f81369605a67cd52d1fc21246c044"
            ],
            "version": "==2.0.4"
        },
        "gitpython": {
            "hashes": [
                "sha256:563221e5a44369c6b79172f455584c9ebbb122a13368cc82cb4b5addff788f82",
                "sha256:8237dc5bfd6f1366abeee5624111b9d6879393d84745a507de0fda86043b65a8"
            ],
            "index": "pypi",
            "version": "==2.1.11"
        },
        "hupper": {
            "hashes": [
                "sha256:2ae87fb826313950a80a24d3334a3d317715cb02735cc6167a1b8c9c748190e0",
                "sha256:899a1da85b71b62d903b5732703cad7454425b4ba9a6453930ad9168ec08ae0e"
            ],
            "markers": "python_version != '3.0.*' and python_version != '3.3.*' and python_version >= '2.7' and python_version != '3.2.*' and python_version != '3.1.*'",
            "version": "==1.3.1"
        },
        "idna": {
            "hashes": [
                "sha256:156a6814fb5ac1fc6850fb002e0852d56c0c8d2531923a51032d1b70760e186e",
                "sha256:684a38a6f903c1d71d6d5fac066b58d7768af4de2b832e426ec79c30daa94a16"
            ],
            "version": "==2.7"
        },
        "kajiki": {
            "hashes": [
                "sha256:4e7aaf838f298958cf171f220e1d0dc4220338c76c97746a46d0cc389f90b10a"
            ],
            "index": "pypi",
            "version": "==0.7.2"
        },
        "lxml": {
            "hashes": [
                "sha256:02bc220d61f46e9b9d5a53c361ef95e9f5e1d27171cd461dddb17677ae2289a5",
                "sha256:22f253b542a342755f6cfc047fe4d3a296515cf9b542bc6e261af45a80b8caf6",
                "sha256:2f31145c7ff665b330919bfa44aacd3a0211a76ca7e7b441039d2a0b0451e415",
                "sha256:36720698c29e7a9626a0dc802ef8885f8f0239bfd1689628ecd459a061f2807f",
                "sha256:438a1b0203545521f6616132bfe0f4bca86f8a401364008b30e2b26ec408ce85",
                "sha256:4815892904c336bbaf73dafd54f45f69f4021c22b5bad7332176bbf4fb830568",
                "sha256:5be031b0f15ad63910d8e5038b489d95a79929513b3634ad4babf77100602588",
                "sha256:5c93ae37c3c588e829b037fdfbd64a6e40c901d3f93f7beed6d724c44829a3ad",
                "sha256:60842230678674cdac4a1cf0f707ef12d75b9a4fc4a565add4f710b5fcf185d5",
                "sha256:62939a8bb6758d1bf923aa1c13f0bcfa9bf5b2fc0f5fa917a6e25db5fe0cfa4e",
                "sha256:75830c06a62fe7b8fe3bbb5f269f0b308f19f3949ac81cfd40062f47c1455faf",
                "sha256:81992565b74332c7c1aff6a913a3e906771aa81c9d0c68c68113cffcae45bc53",
                "sha256:8c892fb0ee52c594d9a7751c7d7356056a9682674b92cc1c4dc968ff0f30c52f",
                "sha256:9d862e3cf4fc1f2837dedce9c42269c8c76d027e49820a548ac89fdcee1e361f",
                "sha256:a623965c086a6e91bb703d4da62dabe59fe88888e82c4117d544e11fd74835d6",
                "sha256:a7783ab7f6a508b0510490cef9f857b763d796ba7476d9703f89722928d1e113",
                "sha256:aab09fbe8abfa3b9ce62aaf45aca2d28726b1b9ee44871dbe644050a2fff4940",
                "sha256:abf181934ac3ef193832fb973fd7f6149b5c531903c2ec0f1220941d73eee601",
                "sha256:ae07fa0c115733fce1e9da96a3ac3fa24801742ca17e917e0c79d63a01eeb843",
                "sha256:b9c78242219f674ab645ec571c9a95d70f381319a23911941cd2358a8e0521cf",
                "sha256:bccb267678b870d9782c3b44d0cefe3ba0e329f9af8c946d32bf3778e7a4f271",
                "sha256:c4df4d27f4c93b2cef74579f00b1d3a31a929c7d8023f870c4b476f03a274db4",
                "sha256:caf0e50b546bb60dfa99bb18dfa6748458a83131ecdceaf5c071d74907e7e78a",
                "sha256:d3266bd3ac59ac4edcd5fa75165dee80b94a3e5c91049df5f7c057ccf097551c",
                "sha256:db0d213987bcd4e6d41710fb4532b22315b0d8fb439ff901782234456556aed1",
                "sha256:dbbd5cf7690a40a9f0a9325ab480d0fccf46d16b378eefc08e195d84299bfae1",
                "sha256:e16e07a0ec3a75b5ee61f2b1003c35696738f937dc8148fbda9fe2147ccb6e61",
                "sha256:e175a006725c7faadbe69e791877d09936c0ef2cf49d01b60a6c1efcb0e8be6f",
                "sha256:edd9c13a97f6550f9da2236126bb51c092b3b1ce6187f2bd966533ad794bbb5e",
                "sha256:fa39ea60d527fbdd94215b5e5552f1c6a912624521093f1384a491a8ad89ad8b"
            ],
            "index": "pypi",
            "version": "==4.2.5"
        },
        "nine": {
            "hashes": [
                "sha256:3064fbeb512e756a415606a1399f49c22de867d5ac7e2b6c91c35e757d3af42d",
                "sha256:b87adc05ab148efa45869b63ce5c54d2a0be607c0a96449ea96e20d51a99150f"
            ],
            "version": "==1.0.0"
        },
        "pastedeploy": {
            "hashes": [
                "sha256:39973e73f391335fac8bc8a8a95f7d34a9f42e2775600ce2dc518d93b37ef943",
                "sha256:d5858f89a255e6294e63ed46b73613c56e3b9a2d82a42f1df4d06c8421a9e3cb"
            ],
            "version": "==1.5.2"
        },
        "plaster": {
            "hashes": [
                "sha256:215c921a438b5349931fd7df9a5a11a3572947f20f4bc6dd622ac08f1c3ba249",
                "sha256:8351c7c7efdf33084c1de88dd0f422cbe7342534537b553c49b857b12d98c8c3"
            ],
            "version": "==1.0"
        },
        "plaster-pastedeploy": {
            "hashes": [
                "sha256:71e29b0ab90df8343bca5f0debe4706f0f8147308a78922c8c26e8252809bce4",
                "sha256:c231130cb86ae414084008fe1d1797db7e61dc5eaafb5e755de21387c27c6fae"
            ],
            "markers": "python_version != '3.2.*' and python_version != '3.1.*' and python_version >= '2.7' and python_version != '3.3.*' and python_version != '3.0.*'",
            "version": "==0.6"
        },
        "pyramid": {
            "hashes": [
                "sha256:600f12e0d11211a55c2da970120af33214f77607ed45caba6af6c891afeaa771",
                "sha256:cf89a48cb899291639686bf3d4a883b39e496151fa4871fb83cc1a3200d5b925"
            ],
            "index": "pypi",
            "version": "==1.9.2"
        },
        "pywebtools": {
            "hashes": [
                "sha256:17202fb8b982099105912c599e9fc8dc838410bb606a8157d8717f48e03550a6",
                "sha256:3b69e7fadd0cdccf39bf7322b134d13e81c71cd64e33e344af1e55fa9ef2ba7c"
            ],
            "index": "pypi",
            "version": "==1.1.3"
        },
        "repoze.lru": {
            "hashes": [
                "sha256:0429a75e19380e4ed50c0694e26ac8819b4ea7851ee1fc7583c8572db80aff77",
                "sha256:f77bf0e1096ea445beadd35f3479c5cff2aa1efe604a133e67150bc8630a62ea"
            ],
            "version": "==0.7"
        },
        "requests": {
            "hashes": [
                "sha256:63b52e3c866428a224f97cab011de738c36aec0185aa91cfacd418b5d58911d1",
                "sha256:ec22d826a36ed72a7358ff3fe56cbd4ba69dd7a6718ffd450ff0e9df7a47ce6a"
            ],
            "index": "pypi",
            "version": "==2.19.1"
        },
        "smmap2": {
            "hashes": [
                "sha256:0dd53d991af487f9b22774fa89451358da3607c02b9b886a54736c6a313ece0b",
                "sha256:dc216005e529d57007ace27048eb336dcecb7fc413cfb3b2f402bb25972b69c6"
            ],
            "version": "==2.0.4"
        },
        "sqlalchemy": {
            "hashes": [
                "sha256:c5951d9ef1d5404ed04bae5a16b60a0779087378928f997a294d1229c6ca4d3e"
            ],
            "version": "==1.2.12"
        },
        "transaction": {
            "hashes": [
                "sha256:269601a3493cd3eddeb869419ceadfc5e6d2bc931e9970d11fc4649dab189c3c",
                "sha256:9de0f93f833713270fbceaf6092194313c1de0afb660e66dea8e089855eb281c",
                "sha256:f2242070e437e5d555ea3df809cb517860513254c828f33847df1c5e4b776c7a"
            ],
            "version": "==2.2.1"
        },
        "translationstring": {
            "hashes": [
                "sha256:4ee44cfa58c52ade8910ea0ebc3d2d84bdcad9fa0422405b1801ec9b9a65b72d",
                "sha256:e26c7bf383413234ed442e0980a2ebe192b95e3745288a8fd2805156d27515b4"
            ],
            "version": "==1.3"
        },
        "urllib3": {
            "hashes": [
                "sha256:a68ac5e15e76e7e5dd2b8f94007233e01effe3e50e8daddf69acfd81cb686baf",
                "sha256:b5725a0bd4ba422ab0e66e89e030c806576753ea3ee08554382c14e685d117b5"
            ],
            "version": "==1.23"
        },
        "venusian": {
            "hashes": [
                "sha256:757162c5f907e18571b6ab41b7673e5bf18cc8715abf8164292eaef4f1610668",
                "sha256:9902e492c71a89a241a18b2f9950bea7e41d025cc8f3af1ea8d8201346f8577d"
            ],
            "version": "==1.1.0"
        },
        "waitress": {
            "hashes": [
                "sha256:40b0f297a7f3af61fbfbdc67e59090c70dc150a1601c39ecc9f5f1d283fb931b",
                "sha256:d33cd3d62426c0f1b3cd84ee3d65779c7003aae3fc060dee60524d10a57f05a9"
            ],
            "index": "pypi",
            "version": "==1.1.0"
        },
        "webob": {
            "hashes": [
                "sha256:1fe722f2ab857685fc96edec567dc40b1875b21219b3b348e58cd8c4d5ea7df3",
                "sha256:263690003a3e092ca1ec4df787f93feb0004e39d7bac9cba2c19a552c765894b"
            ],
            "version": "==1.8.2"
        },
        "zope.deprecation": {
            "hashes": [
                "sha256:7d52e134bbaaa0d72e1e2bc90f0587f1adc116c4bdf15912afaf2f1e8856b224",
                "sha256:c83cfef3085d10dcb07de5a59a2d95713865befa46e0e88784c5648610fba789"
            ],
            "version": "==4.3.0"
        },
        "zope.interface": {
            "hashes": [
                "sha256:21506674d30c009271fe68a242d330c83b1b9d76d62d03d87e1e9528c61beea6",
                "sha256:3d184aff0756c44fff7de69eb4cd5b5311b6f452d4de28cb08343b3f21993763",
                "sha256:40c89d3a4e7e6c20db80be638a0a2be103b659ae3b2fc92e25ef1c7ac11be798",
                "sha256:425e1458d7b893f3ae2fb1bd8344e7bb0beaa114cdc91299c797442638021a17",
                "sha256:467d364b24cb398f76ad5e90398d71b9325eb4232be9e8a50d6a3b3c7a1c8789",
                "sha256:4d17483ec4177ee085e690d8d4104de913392250bc50f41fb240c9f378bfb88b",
                "sha256:57c38470d9f57e37afb460c399eb254e7193ac7fb8042bd09bdc001981a9c74c",
                "sha256:727aa737a48dd33d6859296f15edb54e85ccdfa5667513f7a50daf362b3df75b",
                "sha256:7307f7e341f47f057756e1e0e9f5bad85d4cf55a6a8aaafe681e2e5e5dd79446",
                "sha256:9ada83f4384bbb12dedc152bcdd46a3ac9f5f7720d43ac3ce3e8e8b91d733c10",
                "sha256:a1daf9c5120f3cc6f2b5fef8e1d2a3fb7bbbb20ed4bfdc25bc8364bc62dcf54b",
                "sha256:aa1f22d5380d440c78bd9b13dbe697292422277a30eeabcd0ba66b6e37a25ef1",
                "sha256:b445e2d58d8faa94a9ae863ed10c661e05d7ba6ce00548867a0153e6d927e4a2",
                "sha256:c2a0ba07228921393b0e28d7306bf8652d5d392cff7eea3f4c0ba599b28f85de",
                "sha256:e6b77ae84f2b8502d99a7855fa33334a1eb6159de45626905cb3e454c023f339",
                "sha256:e881ef610ff48aece2f4ee2af03d2db1a146dc7c705561bd6089b2356f61641f",
                "sha256:ec3cdfb92f714fc02aaf390ee34e7fa636a0478a0976733ac2b39bc23b11a095",
                "sha256:ef4b9bf3ff28a874a2becda91c281ef4dbc89f9ceacfb1d11040893080a48e18",
                "sha256:f41037260deaacb875db250021fe883bf536bf6414a4fd25b25059b02e31b120"
            ],
            "version": "==4.5.0"
        },
        "zope.sqlalchemy": {
            "hashes": [
                "sha256:9316a1a8bb9e4f9f59332acf1ad2cc8b664f19a4bde5f68be7f61f3e11f80514"
            ],
            "version": "==1.0"
        }
    },
    "develop": {}
}
